
Microsoft Visual Studio Solution File, Format Version 12.00
# Visual Studio Version 17
VisualStudioVersion = 17.2.32526.322
MinimumVisualStudioVersion = 10.0.40219.1
Project("{9A19103F-16F7-4668-BE54-9A1E7A4F7556}") = "Api", "Api\Api.csproj", "{F2E42EC8-5205-4F6C-910C-00500B0DC9DF}"
EndProject
Project("{9A19103F-16F7-4668-BE54-9A1E7A4F7556}") = "UI", "UI\UI.csproj", "{F2B31375-7ACD-4303-9C74-A838C52AB5B6}"
EndProject
Project("{9A19103F-16F7-4668-BE54-9A1E7A4F7556}") = "Application", "Application\Application.csproj", "{7DAA4263-1F6D-4AF3-AEB9-EAE53A5C8EB3}"
EndProject
Project("{9A19103F-16F7-4668-BE54-9A1E7A4F7556}") = "Domain", "Domain\Domain.csproj", "{B7843D6D-D5F2-43D1-A07D-533C351ECBCB}"
EndProject
Project("{9A19103F-16F7-4668-BE54-9A1E7A4F7556}") = "infrastructure", "infrastructure\infrastructure.csproj", "{B7FDC816-226B-4A14-A6A0-2E82A5945A0C}"
EndProject
Global
	GlobalSection(SolutionConfigurationPlatforms) = preSolution
		Debug|Any CPU = Debug|Any CPU
		Release|Any CPU = Release|Any CPU
	EndGlobalSection
	GlobalSection(ProjectConfigurationPlatforms) = postSolution
		{F2E42EC8-5205-4F6C-910C-00500B0DC9DF}.Debug|Any CPU.ActiveCfg = Debug|Any CPU
		{F2E42EC8-5205-4F6C-910C-00500B0DC9DF}.Debug|Any CPU.Build.0 = Debug|Any CPU
		{F2E42EC8-5205-4F6C-910C-00500B0DC9DF}.Release|Any CPU.ActiveCfg = Release|Any CPU
		{F2E42EC8-5205-4F6C-910C-00500B0DC9DF}.Release|Any CPU.Build.0 = Release|Any CPU
		{F2B31375-7ACD-4303-9C74-A838C52AB5B6}.Debug|Any CPU.ActiveCfg = Debug|Any CPU
		{F2B31375-7ACD-4303-9C74-A838C52AB5B6}.Debug|Any CPU.Build.0 = Debug|Any CPU
		{F2B31375-7ACD-4303-9C74-A838C52AB5B6}.Release|Any CPU.ActiveCfg = Release|Any CPU
		{F2B31375-7ACD-4303-9C74-A838C52AB5B6}.Release|Any CPU.Build.0 = Release|Any CPU
		{7DAA4263-1F6D-4AF3-AEB9-EAE53A5C8EB3}.Debug|Any CPU.ActiveCfg = Debug|Any CPU
		{7DAA4263-1F6D-4AF3-AEB9-EAE53A5C8EB3}.Debug|Any CPU.Build.0 = Debug|Any CPU
		{7DAA4263-1F6D-4AF3-AEB9-EAE53A5C8EB3}.Release|Any CPU.ActiveCfg = Release|Any CPU
		{7DAA4263-1F6D-4AF3-AEB9-EAE53A5C8EB3}.Release|Any CPU.Build.0 = Release|Any CPU
		{B7843D6D-D5F2-43D1-A07D-533C351ECBCB}.Debug|Any CPU.ActiveCfg = Debug|Any CPU
		{B7843D6D-D5F2-43D1-A07D-533C351ECBCB}.Debug|Any CPU.Build.0 = Debug|Any CPU
		{B7843D6D-D5F2-43D1-A07D-533C351ECBCB}.Release|Any CPU.ActiveCfg = Release|Any CPU
		{B7843D6D-D5F2-43D1-A07D-533C351ECBCB}.Release|Any CPU.Build.0 = Release|Any CPU
		{B7FDC816-226B-4A14-A6A0-2E82A5945A0C}.Debug|Any CPU.ActiveCfg = Debug|Any CPU
		{B7FDC816-226B-4A14-A6A0-2E82A5945A0C}.Debug|Any CPU.Build.0 = Debug|Any CPU
		{B7FDC816-226B-4A14-A6A0-2E82A5945A0C}.Release|Any CPU.ActiveCfg = Release|Any CPU
		{B7FDC816-226B-4A14-A6A0-2E82A5945A0C}.Release|Any CPU.Build.0 = Release|Any CPU
	EndGlobalSection
	GlobalSection(SolutionProperties) = preSolution
		HideSolutionNode = FALSE
	EndGlobalSection
	GlobalSection(ExtensibilityGlobals) = postSolution
		SolutionGuid = {192B0F18-5D73-4831-8B5A-4A1D2D4D4E44}
	EndGlobalSection
EndGlobal
